
Microsoft Visual Studio Solution File, Format Version 11.00
# Visual Studio 2010
Project("{FAE04EC0-301F-11D3-BF4B-00C04F79EFBC}") = "Torshify.Radio", "src\Torshify.Radio\Torshify.Radio.csproj", "{F9B0F1A4-528D-41B2-9ED6-734F1D309A75}"
EndProject
Project("{FAE04EC0-301F-11D3-BF4B-00C04F79EFBC}") = "Torshify.Radio.Spotify", "src\Torshify.Radio.Spotify\Torshify.Radio.Spotify.csproj", "{7916AD21-D3AA-42D6-BDD2-03ECBC429011}"
EndProject
Project("{FAE04EC0-301F-11D3-BF4B-00C04F79EFBC}") = "Torshify.Radio.Framework", "src\Torshify.Radio.Framework\Torshify.Radio.Framework.csproj", "{A14DD4A9-0888-47D2-8FF1-F3E659ECB6EB}"
EndProject
Project("{FAE04EC0-301F-11D3-BF4B-00C04F79EFBC}") = "Torshify.Radio.EightTracks", "src\Torshify.Radio.EightTracks\Torshify.Radio.EightTracks.csproj", "{BEE1C46B-6E37-4C0E-81BF-FFCA01C5ECB1}"
EndProject
Project("{FAE04EC0-301F-11D3-BF4B-00C04F79EFBC}") = "Torshify.Radio.Grooveshark", "src\Torshify.Radio.Grooveshark\Torshify.Radio.Grooveshark.csproj", "{6B47D9DA-A9F7-424D-8789-961697D543BE}"
EndProject
Project("{FAE04EC0-301F-11D3-BF4B-00C04F79EFBC}") = "Torshify.Radio.EchoNest", "src\Torshify.Radio.EchoNest\Torshify.Radio.EchoNest.csproj", "{C408ACB6-B967-4D02-8F0C-A8FA70C43E6D}"
EndProject
Global
	GlobalSection(SolutionConfigurationPlatforms) = preSolution
		Debug|Any CPU = Debug|Any CPU
		Debug|Mixed Platforms = Debug|Mixed Platforms
		Debug|x86 = Debug|x86
		Release|Any CPU = Release|Any CPU
		Release|Mixed Platforms = Release|Mixed Platforms
		Release|x86 = Release|x86
	EndGlobalSection
	GlobalSection(ProjectConfigurationPlatforms) = postSolution
		{F9B0F1A4-528D-41B2-9ED6-734F1D309A75}.Debug|Any CPU.ActiveCfg = Debug|x86
		{F9B0F1A4-528D-41B2-9ED6-734F1D309A75}.Debug|Mixed Platforms.ActiveCfg = Debug|x86
		{F9B0F1A4-528D-41B2-9ED6-734F1D309A75}.Debug|Mixed Platforms.Build.0 = Debug|x86
		{F9B0F1A4-528D-41B2-9ED6-734F1D309A75}.Debug|x86.ActiveCfg = Debug|x86
		{F9B0F1A4-528D-41B2-9ED6-734F1D309A75}.Debug|x86.Build.0 = Debug|x86
		{F9B0F1A4-528D-41B2-9ED6-734F1D309A75}.Release|Any CPU.ActiveCfg = Release|x86
		{F9B0F1A4-528D-41B2-9ED6-734F1D309A75}.Release|Mixed Platforms.ActiveCfg = Release|x86
		{F9B0F1A4-528D-41B2-9ED6-734F1D309A75}.Release|Mixed Platforms.Build.0 = Release|x86
		{F9B0F1A4-528D-41B2-9ED6-734F1D309A75}.Release|x86.ActiveCfg = Release|x86
		{F9B0F1A4-528D-41B2-9ED6-734F1D309A75}.Release|x86.Build.0 = Release|x86
		{7916AD21-D3AA-42D6-BDD2-03ECBC429011}.Debug|Any CPU.ActiveCfg = Debug|Any CPU
		{7916AD21-D3AA-42D6-BDD2-03ECBC429011}.Debug|Any CPU.Build.0 = Debug|Any CPU
		{7916AD21-D3AA-42D6-BDD2-03ECBC429011}.Debug|Mixed Platforms.ActiveCfg = Debug|Any CPU
		{7916AD21-D3AA-42D6-BDD2-03ECBC429011}.Debug|Mixed Platforms.Build.0 = Debug|Any CPU
		{7916AD21-D3AA-42D6-BDD2-03ECBC429011}.Debug|x86.ActiveCfg = Debug|Any CPU
		{7916AD21-D3AA-42D6-BDD2-03ECBC429011}.Release|Any CPU.ActiveCfg = Release|Any CPU
		{7916AD21-D3AA-42D6-BDD2-03ECBC429011}.Release|Any CPU.Build.0 = Release|Any CPU
		{7916AD21-D3AA-42D6-BDD2-03ECBC429011}.Release|Mixed Platforms.ActiveCfg = Release|Any CPU
		{7916AD21-D3AA-42D6-BDD2-03ECBC429011}.Release|Mixed Platforms.Build.0 = Release|Any CPU
		{7916AD21-D3AA-42D6-BDD2-03ECBC429011}.Release|x86.ActiveCfg = Release|Any CPU
		{A14DD4A9-0888-47D2-8FF1-F3E659ECB6EB}.Debug|Any CPU.ActiveCfg = Debug|Any CPU
		{A14DD4A9-0888-47D2-8FF1-F3E659ECB6EB}.Debug|Any CPU.Build.0 = Debug|Any CPU
		{A14DD4A9-0888-47D2-8FF1-F3E659ECB6EB}.Debug|Mixed Platforms.ActiveCfg = Debug|Any CPU
		{A14DD4A9-0888-47D2-8FF1-F3E659ECB6EB}.Debug|Mixed Platforms.Build.0 = Debug|Any CPU
		{A14DD4A9-0888-47D2-8FF1-F3E659ECB6EB}.Debug|x86.ActiveCfg = Debug|Any CPU
		{A14DD4A9-0888-47D2-8FF1-F3E659ECB6EB}.Release|Any CPU.ActiveCfg = Release|Any CPU
		{A14DD4A9-0888-47D2-8FF1-F3E659ECB6EB}.Release|Any CPU.Build.0 = Release|Any CPU
		{A14DD4A9-0888-47D2-8FF1-F3E659ECB6EB}.Release|Mixed Platforms.ActiveCfg = Release|Any CPU
		{A14DD4A9-0888-47D2-8FF1-F3E659ECB6EB}.Release|Mixed Platforms.Build.0 = Release|Any CPU
		{A14DD4A9-0888-47D2-8FF1-F3E659ECB6EB}.Release|x86.ActiveCfg = Release|Any CPU
		{BEE1C46B-6E37-4C0E-81BF-FFCA01C5ECB1}.Debug|Any CPU.ActiveCfg = Debug|Any CPU
		{BEE1C46B-6E37-4C0E-81BF-FFCA01C5ECB1}.Debug|Any CPU.Build.0 = Debug|Any CPU
		{BEE1C46B-6E37-4C0E-81BF-FFCA01C5ECB1}.Debug|Mixed Platforms.ActiveCfg = Debug|Any CPU
		{BEE1C46B-6E37-4C0E-81BF-FFCA01C5ECB1}.Debug|Mixed Platforms.Build.0 = Debug|Any CPU
		{BEE1C46B-6E37-4C0E-81BF-FFCA01C5ECB1}.Debug|x86.ActiveCfg = Debug|Any CPU
		{BEE1C46B-6E37-4C0E-81BF-FFCA01C5ECB1}.Release|Any CPU.ActiveCfg = Release|Any CPU
		{BEE1C46B-6E37-4C0E-81BF-FFCA01C5ECB1}.Release|Any CPU.Build.0 = Release|Any CPU
		{BEE1C46B-6E37-4C0E-81BF-FFCA01C5ECB1}.Release|Mixed Platforms.ActiveCfg = Release|Any CPU
		{BEE1C46B-6E37-4C0E-81BF-FFCA01C5ECB1}.Release|Mixed Platforms.Build.0 = Release|Any CPU
		{BEE1C46B-6E37-4C0E-81BF-FFCA01C5ECB1}.Release|x86.ActiveCfg = Release|Any CPU
		{6B47D9DA-A9F7-424D-8789-961697D543BE}.Debug|Any CPU.ActiveCfg = Debug|Any CPU
		{6B47D9DA-A9F7-424D-8789-961697D543BE}.Debug|Any CPU.Build.0 = Debug|Any CPU
		{6B47D9DA-A9F7-424D-8789-961697D543BE}.Debug|Mixed Platforms.ActiveCfg = Debug|Any CPU
		{6B47D9DA-A9F7-424D-8789-961697D543BE}.Debug|Mixed Platforms.Build.0 = Debug|Any CPU
		{6B47D9DA-A9F7-424D-8789-961697D543BE}.Debug|x86.ActiveCfg = Debug|Any CPU
		{6B47D9DA-A9F7-424D-8789-961697D543BE}.Release|Any CPU.ActiveCfg = Release|Any CPU
		{6B47D9DA-A9F7-424D-8789-961697D543BE}.Release|Any CPU.Build.0 = Release|Any CPU
		{6B47D9DA-A9F7-424D-8789-961697D543BE}.Release|Mixed Platforms.ActiveCfg = Release|Any CPU
		{6B47D9DA-A9F7-424D-8789-961697D543BE}.Release|Mixed Platforms.Build.0 = Release|Any CPU
		{6B47D9DA-A9F7-424D-8789-961697D543BE}.Release|x86.ActiveCfg = Release|Any CPU
		{C408ACB6-B967-4D02-8F0C-A8FA70C43E6D}.Debug|Any CPU.ActiveCfg = Debug|Any CPU
		{C408ACB6-B967-4D02-8F0C-A8FA70C43E6D}.Debug|Any CPU.Build.0 = Debug|Any CPU
		{C408ACB6-B967-4D02-8F0C-A8FA70C43E6D}.Debug|Mixed Platforms.ActiveCfg = Debug|Any CPU
		{C408ACB6-B967-4D02-8F0C-A8FA70C43E6D}.Debug|Mixed Platforms.Build.0 = Debug|Any CPU
		{C408ACB6-B967-4D02-8F0C-A8FA70C43E6D}.Debug|x86.ActiveCfg = Debug|Any CPU
		{C408ACB6-B967-4D02-8F0C-A8FA70C43E6D}.Release|Any CPU.ActiveCfg = Release|Any CPU
		{C408ACB6-B967-4D02-8F0C-A8FA70C43E6D}.Release|Any CPU.Build.0 = Release|Any CPU
		{C408ACB6-B967-4D02-8F0C-A8FA70C43E6D}.Release|Mixed Platforms.ActiveCfg = Release|Any CPU
		{C408ACB6-B967-4D02-8F0C-A8FA70C43E6D}.Release|Mixed Platforms.Build.0 = Release|Any CPU
		{C408ACB6-B967-4D02-8F0C-A8FA70C43E6D}.Release|x86.ActiveCfg = Release|Any CPU
	EndGlobalSection
	GlobalSection(SolutionProperties) = preSolution
		HideSolutionNode = FALSE
	EndGlobalSection
	GlobalSection(ExtensibilityGlobals) = postSolution
		EnterpriseLibraryConfigurationToolBinariesPath = packages\Unity.2.1.505.0\lib\NET35
	EndGlobalSection
EndGlobal
