
Microsoft Visual Studio Solution File, Format Version 11.00
# Visual Studio 2010
Project("{FAE04EC0-301F-11D3-BF4B-00C04F79EFBC}") = "Torshify.Radio", "src\Torshify.Radio\Torshify.Radio.csproj", "{7A0972DC-ABDC-4A8E-9B5A-0999B1D5FE5F}"
EndProject
Project("{2150E333-8FDC-42A3-9474-1A3956D46DE8}") = "Solution Items", "Solution Items", "{E627CDDC-BF7D-4F0E-9D4E-0588005A9C7B}"
	ProjectSection(SolutionItems) = preProject
		src\GlobalAssemblyInfo.cs = src\GlobalAssemblyInfo.cs
	EndProjectSection
EndProject
Project("{FAE04EC0-301F-11D3-BF4B-00C04F79EFBC}") = "Torshify.Radio.Framework", "src\Torshify.Radio.Framework\Torshify.Radio.Framework.csproj", "{3F5BAFDD-058B-4128-9B11-685DAD42A9FC}"
EndProject
Project("{FAE04EC0-301F-11D3-BF4B-00C04F79EFBC}") = "Torshify.Radio.Database", "src\Torshify.Radio.Database\Torshify.Radio.Database.csproj", "{48F5630B-CCC9-47B0-BF10-845364C4350C}"
EndProject
Project("{FAE04EC0-301F-11D3-BF4B-00C04F79EFBC}") = "Torshify.Radio.Spotify", "src\Torshify.Radio.Spotify\Torshify.Radio.Spotify.csproj", "{0AB017D0-4E9D-4C6A-87B7-D9977F66166E}"
EndProject
Project("{FAE04EC0-301F-11D3-BF4B-00C04F79EFBC}") = "Torshify.Radio.Grooveshark", "src\Torshify.Radio.Grooveshark\Torshify.Radio.Grooveshark.csproj", "{A0C0F497-0781-4DC0-8395-E3C856B54F27}"
EndProject
Project("{FAE04EC0-301F-11D3-BF4B-00C04F79EFBC}") = "Torshify.Radio.Core", "src\Torshify.Radio.Core\Torshify.Radio.Core.csproj", "{99ED0352-209C-45BF-BB26-E0A076316335}"
EndProject
Project("{FAE04EC0-301F-11D3-BF4B-00C04F79EFBC}") = "Torshify.Radio.Tests", "src\Torshify.Radio.Tests\Torshify.Radio.Tests.csproj", "{065C3565-5486-48CD-B0F6-4291C8BA7F15}"
EndProject
Project("{2150E333-8FDC-42A3-9474-1A3956D46DE8}") = "Tests", "Tests", "{46506DA1-3BAB-48A9-8A09-1CB0E653D3C4}"
EndProject
Global
	GlobalSection(SolutionConfigurationPlatforms) = preSolution
		Debug|Any CPU = Debug|Any CPU
		Debug|Mixed Platforms = Debug|Mixed Platforms
		Debug|x86 = Debug|x86
		Release|Any CPU = Release|Any CPU
		Release|Mixed Platforms = Release|Mixed Platforms
		Release|x86 = Release|x86
	EndGlobalSection
	GlobalSection(ProjectConfigurationPlatforms) = postSolution
		{7A0972DC-ABDC-4A8E-9B5A-0999B1D5FE5F}.Debug|Any CPU.ActiveCfg = Debug|x86
		{7A0972DC-ABDC-4A8E-9B5A-0999B1D5FE5F}.Debug|Mixed Platforms.ActiveCfg = Debug|x86
		{7A0972DC-ABDC-4A8E-9B5A-0999B1D5FE5F}.Debug|Mixed Platforms.Build.0 = Debug|x86
		{7A0972DC-ABDC-4A8E-9B5A-0999B1D5FE5F}.Debug|x86.ActiveCfg = Debug|x86
		{7A0972DC-ABDC-4A8E-9B5A-0999B1D5FE5F}.Debug|x86.Build.0 = Debug|x86
		{7A0972DC-ABDC-4A8E-9B5A-0999B1D5FE5F}.Release|Any CPU.ActiveCfg = Release|x86
		{7A0972DC-ABDC-4A8E-9B5A-0999B1D5FE5F}.Release|Mixed Platforms.ActiveCfg = Release|x86
		{7A0972DC-ABDC-4A8E-9B5A-0999B1D5FE5F}.Release|Mixed Platforms.Build.0 = Release|x86
		{7A0972DC-ABDC-4A8E-9B5A-0999B1D5FE5F}.Release|x86.ActiveCfg = Release|x86
		{7A0972DC-ABDC-4A8E-9B5A-0999B1D5FE5F}.Release|x86.Build.0 = Release|x86
		{3F5BAFDD-058B-4128-9B11-685DAD42A9FC}.Debug|Any CPU.ActiveCfg = Debug|Any CPU
		{3F5BAFDD-058B-4128-9B11-685DAD42A9FC}.Debug|Any CPU.Build.0 = Debug|Any CPU
		{3F5BAFDD-058B-4128-9B11-685DAD42A9FC}.Debug|Mixed Platforms.ActiveCfg = Debug|Any CPU
		{3F5BAFDD-058B-4128-9B11-685DAD42A9FC}.Debug|Mixed Platforms.Build.0 = Debug|Any CPU
		{3F5BAFDD-058B-4128-9B11-685DAD42A9FC}.Debug|x86.ActiveCfg = Debug|Any CPU
		{3F5BAFDD-058B-4128-9B11-685DAD42A9FC}.Release|Any CPU.ActiveCfg = Release|Any CPU
		{3F5BAFDD-058B-4128-9B11-685DAD42A9FC}.Release|Any CPU.Build.0 = Release|Any CPU
		{3F5BAFDD-058B-4128-9B11-685DAD42A9FC}.Release|Mixed Platforms.ActiveCfg = Release|Any CPU
		{3F5BAFDD-058B-4128-9B11-685DAD42A9FC}.Release|Mixed Platforms.Build.0 = Release|Any CPU
		{3F5BAFDD-058B-4128-9B11-685DAD42A9FC}.Release|x86.ActiveCfg = Release|Any CPU
		{48F5630B-CCC9-47B0-BF10-845364C4350C}.Debug|Any CPU.ActiveCfg = Debug|Any CPU
		{48F5630B-CCC9-47B0-BF10-845364C4350C}.Debug|Any CPU.Build.0 = Debug|Any CPU
		{48F5630B-CCC9-47B0-BF10-845364C4350C}.Debug|Mixed Platforms.ActiveCfg = Debug|Any CPU
		{48F5630B-CCC9-47B0-BF10-845364C4350C}.Debug|Mixed Platforms.Build.0 = Debug|Any CPU
		{48F5630B-CCC9-47B0-BF10-845364C4350C}.Debug|x86.ActiveCfg = Debug|Any CPU
		{48F5630B-CCC9-47B0-BF10-845364C4350C}.Release|Any CPU.ActiveCfg = Release|Any CPU
		{48F5630B-CCC9-47B0-BF10-845364C4350C}.Release|Any CPU.Build.0 = Release|Any CPU
		{48F5630B-CCC9-47B0-BF10-845364C4350C}.Release|Mixed Platforms.ActiveCfg = Release|Any CPU
		{48F5630B-CCC9-47B0-BF10-845364C4350C}.Release|Mixed Platforms.Build.0 = Release|Any CPU
		{48F5630B-CCC9-47B0-BF10-845364C4350C}.Release|x86.ActiveCfg = Release|Any CPU
		{0AB017D0-4E9D-4C6A-87B7-D9977F66166E}.Debug|Any CPU.ActiveCfg = Debug|Any CPU
		{0AB017D0-4E9D-4C6A-87B7-D9977F66166E}.Debug|Any CPU.Build.0 = Debug|Any CPU
		{0AB017D0-4E9D-4C6A-87B7-D9977F66166E}.Debug|Mixed Platforms.ActiveCfg = Debug|Any CPU
		{0AB017D0-4E9D-4C6A-87B7-D9977F66166E}.Debug|Mixed Platforms.Build.0 = Debug|Any CPU
		{0AB017D0-4E9D-4C6A-87B7-D9977F66166E}.Debug|x86.ActiveCfg = Debug|Any CPU
		{0AB017D0-4E9D-4C6A-87B7-D9977F66166E}.Release|Any CPU.ActiveCfg = Release|Any CPU
		{0AB017D0-4E9D-4C6A-87B7-D9977F66166E}.Release|Any CPU.Build.0 = Release|Any CPU
		{0AB017D0-4E9D-4C6A-87B7-D9977F66166E}.Release|Mixed Platforms.ActiveCfg = Release|Any CPU
		{0AB017D0-4E9D-4C6A-87B7-D9977F66166E}.Release|Mixed Platforms.Build.0 = Release|Any CPU
		{0AB017D0-4E9D-4C6A-87B7-D9977F66166E}.Release|x86.ActiveCfg = Release|Any CPU
		{A0C0F497-0781-4DC0-8395-E3C856B54F27}.Debug|Any CPU.ActiveCfg = Debug|Any CPU
		{A0C0F497-0781-4DC0-8395-E3C856B54F27}.Debug|Any CPU.Build.0 = Debug|Any CPU
		{A0C0F497-0781-4DC0-8395-E3C856B54F27}.Debug|Mixed Platforms.ActiveCfg = Debug|Any CPU
		{A0C0F497-0781-4DC0-8395-E3C856B54F27}.Debug|Mixed Platforms.Build.0 = Debug|Any CPU
		{A0C0F497-0781-4DC0-8395-E3C856B54F27}.Debug|x86.ActiveCfg = Debug|Any CPU
		{A0C0F497-0781-4DC0-8395-E3C856B54F27}.Release|Any CPU.ActiveCfg = Release|Any CPU
		{A0C0F497-0781-4DC0-8395-E3C856B54F27}.Release|Any CPU.Build.0 = Release|Any CPU
		{A0C0F497-0781-4DC0-8395-E3C856B54F27}.Release|Mixed Platforms.ActiveCfg = Release|Any CPU
		{A0C0F497-0781-4DC0-8395-E3C856B54F27}.Release|Mixed Platforms.Build.0 = Release|Any CPU
		{A0C0F497-0781-4DC0-8395-E3C856B54F27}.Release|x86.ActiveCfg = Release|Any CPU
		{99ED0352-209C-45BF-BB26-E0A076316335}.Debug|Any CPU.ActiveCfg = Debug|Any CPU
		{99ED0352-209C-45BF-BB26-E0A076316335}.Debug|Any CPU.Build.0 = Debug|Any CPU
		{99ED0352-209C-45BF-BB26-E0A076316335}.Debug|Mixed Platforms.ActiveCfg = Debug|Any CPU
		{99ED0352-209C-45BF-BB26-E0A076316335}.Debug|Mixed Platforms.Build.0 = Debug|Any CPU
		{99ED0352-209C-45BF-BB26-E0A076316335}.Debug|x86.ActiveCfg = Debug|Any CPU
		{99ED0352-209C-45BF-BB26-E0A076316335}.Release|Any CPU.ActiveCfg = Release|Any CPU
		{99ED0352-209C-45BF-BB26-E0A076316335}.Release|Any CPU.Build.0 = Release|Any CPU
		{99ED0352-209C-45BF-BB26-E0A076316335}.Release|Mixed Platforms.ActiveCfg = Release|Any CPU
		{99ED0352-209C-45BF-BB26-E0A076316335}.Release|Mixed Platforms.Build.0 = Release|Any CPU
		{99ED0352-209C-45BF-BB26-E0A076316335}.Release|x86.ActiveCfg = Release|Any CPU
		{065C3565-5486-48CD-B0F6-4291C8BA7F15}.Debug|Any CPU.ActiveCfg = Debug|Any CPU
		{065C3565-5486-48CD-B0F6-4291C8BA7F15}.Debug|Any CPU.Build.0 = Debug|Any CPU
		{065C3565-5486-48CD-B0F6-4291C8BA7F15}.Debug|Mixed Platforms.ActiveCfg = Debug|Any CPU
		{065C3565-5486-48CD-B0F6-4291C8BA7F15}.Debug|Mixed Platforms.Build.0 = Debug|Any CPU
		{065C3565-5486-48CD-B0F6-4291C8BA7F15}.Debug|x86.ActiveCfg = Debug|Any CPU
		{065C3565-5486-48CD-B0F6-4291C8BA7F15}.Release|Any CPU.ActiveCfg = Release|Any CPU
		{065C3565-5486-48CD-B0F6-4291C8BA7F15}.Release|Any CPU.Build.0 = Release|Any CPU
		{065C3565-5486-48CD-B0F6-4291C8BA7F15}.Release|Mixed Platforms.ActiveCfg = Release|Any CPU
		{065C3565-5486-48CD-B0F6-4291C8BA7F15}.Release|Mixed Platforms.Build.0 = Release|Any CPU
		{065C3565-5486-48CD-B0F6-4291C8BA7F15}.Release|x86.ActiveCfg = Release|Any CPU
	EndGlobalSection
	GlobalSection(SolutionProperties) = preSolution
		HideSolutionNode = FALSE
	EndGlobalSection
	GlobalSection(NestedProjects) = preSolution
		{065C3565-5486-48CD-B0F6-4291C8BA7F15} = {46506DA1-3BAB-48A9-8A09-1CB0E653D3C4}
	EndGlobalSection
	GlobalSection(ExtensibilityGlobals) = postSolution
		EnterpriseLibraryConfigurationToolBinariesPath = packages\Unity.2.1.505.0\lib\NET35
	EndGlobalSection
EndGlobal
